
Microsoft Visual Studio Solution File, Format Version 12.00
# Visual Studio 15
VisualStudioVersion = 15.0.28307.757
MinimumVisualStudioVersion = 10.0.40219.1
Project("{FAE04EC0-301F-11D3-BF4B-00C04F79EFBC}") = "virtru-sdk-dotnet-console-example", "virtru-sdk-dotnet-console-example\virtru-sdk-dotnet-console-example.csproj", "{17DC0119-9E19-43CC-A699-C2F2F26D5AE1}"
EndProject
Global
	GlobalSection(SolutionConfigurationPlatforms) = preSolution
		Debug|Any CPU = Debug|Any CPU
		Release|Any CPU = Release|Any CPU
	EndGlobalSection
	GlobalSection(ProjectConfigurationPlatforms) = postSolution
		{17DC0119-9E19-43CC-A699-C2F2F26D5AE1}.Debug|Any CPU.ActiveCfg = Debug|Any CPU
		{17DC0119-9E19-43CC-A699-C2F2F26D5AE1}.Debug|Any CPU.Build.0 = Debug|Any CPU
		{17DC0119-9E19-43CC-A699-C2F2F26D5AE1}.Release|Any CPU.ActiveCfg = Release|Any CPU
		{17DC0119-9E19-43CC-A699-C2F2F26D5AE1}.Release|Any CPU.Build.0 = Release|Any CPU
	EndGlobalSection
	GlobalSection(SolutionProperties) = preSolution
		HideSolutionNode = FALSE
	EndGlobalSection
	GlobalSection(ExtensibilityGlobals) = postSolution
		SolutionGuid = {50B8DDA3-2D2C-4FC2-988C-052D80B63F6A}
	EndGlobalSection
EndGlobal
